
Microsoft Visual Studio Solution File, Format Version 12.00
# Visual Studio 2012
Project("{FAE04EC0-301F-11D3-BF4B-00C04F79EFBC}") = "Docker.Spring.Rest.Api.Tests", "Docker.Spring.Rest.Api.Tests\Docker.Spring.Rest.Api.Tests.csproj", "{790F0212-45E6-488D-8120-0E7AA8F917C1}"
EndProject
Project("{FAE04EC0-301F-11D3-BF4B-00C04F79EFBC}") = "Docker.Spring.Rest.Api.Common", "Docker.Spring.Rest.Api.Common\Docker.Spring.Rest.Api.Common.csproj", "{1F84FA3B-0FDE-4BE2-99B1-65AFBFDA09D0}"
EndProject
Project("{2150E333-8FDC-42A3-9474-1A3956D46DE8}") = "Solution Items", "Solution Items", "{BDAB9527-307F-4467-9FD2-F61FCDA0F4DA}"
	ProjectSection(SolutionItems) = preProject
		nuget.config = nuget.config
	EndProjectSection
EndProject
Global
	GlobalSection(SolutionConfigurationPlatforms) = preSolution
		Debug|Any CPU = Debug|Any CPU
		Release|Any CPU = Release|Any CPU
	EndGlobalSection
	GlobalSection(ProjectConfigurationPlatforms) = postSolution
		{790F0212-45E6-488D-8120-0E7AA8F917C1}.Debug|Any CPU.ActiveCfg = Debug|Any CPU
		{790F0212-45E6-488D-8120-0E7AA8F917C1}.Debug|Any CPU.Build.0 = Debug|Any CPU
		{790F0212-45E6-488D-8120-0E7AA8F917C1}.Release|Any CPU.ActiveCfg = Release|Any CPU
		{790F0212-45E6-488D-8120-0E7AA8F917C1}.Release|Any CPU.Build.0 = Release|Any CPU
		{1F84FA3B-0FDE-4BE2-99B1-65AFBFDA09D0}.Debug|Any CPU.ActiveCfg = Debug|Any CPU
		{1F84FA3B-0FDE-4BE2-99B1-65AFBFDA09D0}.Debug|Any CPU.Build.0 = Debug|Any CPU
		{1F84FA3B-0FDE-4BE2-99B1-65AFBFDA09D0}.Release|Any CPU.ActiveCfg = Release|Any CPU
		{1F84FA3B-0FDE-4BE2-99B1-65AFBFDA09D0}.Release|Any CPU.Build.0 = Release|Any CPU
	EndGlobalSection
EndGlobal
